
Microsoft Visual Studio Solution File, Format Version 12.00
# Visual Studio Version 16
VisualStudioVersion = 16.0.31702.278
MinimumVisualStudioVersion = 10.0.40219.1
Project("{FAE04EC0-301F-11D3-BF4B-00C04F79EFBC}") = "ConsoleApp1", "ConsoleApp1\ConsoleApp1.csproj", "{D711506A-9926-4699-8878-2A882816E2B2}"
EndProject
Global
	GlobalSection(SolutionConfigurationPlatforms) = preSolution
		Debug|Any CPU = Debug|Any CPU
		Release|Any CPU = Release|Any CPU
	EndGlobalSection
	GlobalSection(ProjectConfigurationPlatforms) = postSolution
		{D711506A-9926-4699-8878-2A882816E2B2}.Debug|Any CPU.ActiveCfg = Debug|Any CPU
		{D711506A-9926-4699-8878-2A882816E2B2}.Debug|Any CPU.Build.0 = Debug|Any CPU
		{D711506A-9926-4699-8878-2A882816E2B2}.Release|Any CPU.ActiveCfg = Release|Any CPU
		{D711506A-9926-4699-8878-2A882816E2B2}.Release|Any CPU.Build.0 = Release|Any CPU
	EndGlobalSection
	GlobalSection(SolutionProperties) = preSolution
		HideSolutionNode = FALSE
	EndGlobalSection
	GlobalSection(ExtensibilityGlobals) = postSolution
		SolutionGuid = {DACFA8B9-0B5B-44B1-B523-25E06A3CF432}
	EndGlobalSection
EndGlobal
